
Microsoft Visual Studio Solution File, Format Version 12.00
# Visual Studio 15
VisualStudioVersion = 15.0.26124.0
MinimumVisualStudioVersion = 15.0.26124.0
Project("{FAE04EC0-301F-11D3-BF4B-00C04F79EFBC}") = "ShapeWorld.Client", "ShapeWorld.Client\ShapeWorld.Client.csproj", "{EAB51FB9-A1D6-4C9D-BA26-B8DE5586C830}"
EndProject
Project("{FAE04EC0-301F-11D3-BF4B-00C04F79EFBC}") = "ShapeWorld.Domain", "ShapeWorld.Domain\ShapeWorld.Domain.csproj", "{04E54BD1-B9E3-492E-82BE-5F8D204D061B}"
EndProject
Global
	GlobalSection(SolutionConfigurationPlatforms) = preSolution
		Debug|Any CPU = Debug|Any CPU
		Debug|x64 = Debug|x64
		Debug|x86 = Debug|x86
		Release|Any CPU = Release|Any CPU
		Release|x64 = Release|x64
		Release|x86 = Release|x86
	EndGlobalSection
	GlobalSection(SolutionProperties) = preSolution
		HideSolutionNode = FALSE
	EndGlobalSection
	GlobalSection(ProjectConfigurationPlatforms) = postSolution
		{EAB51FB9-A1D6-4C9D-BA26-B8DE5586C830}.Debug|Any CPU.ActiveCfg = Debug|Any CPU
		{EAB51FB9-A1D6-4C9D-BA26-B8DE5586C830}.Debug|Any CPU.Build.0 = Debug|Any CPU
		{EAB51FB9-A1D6-4C9D-BA26-B8DE5586C830}.Debug|x64.ActiveCfg = Debug|Any CPU
		{EAB51FB9-A1D6-4C9D-BA26-B8DE5586C830}.Debug|x64.Build.0 = Debug|Any CPU
		{EAB51FB9-A1D6-4C9D-BA26-B8DE5586C830}.Debug|x86.ActiveCfg = Debug|Any CPU
		{EAB51FB9-A1D6-4C9D-BA26-B8DE5586C830}.Debug|x86.Build.0 = Debug|Any CPU
		{EAB51FB9-A1D6-4C9D-BA26-B8DE5586C830}.Release|Any CPU.ActiveCfg = Release|Any CPU
		{EAB51FB9-A1D6-4C9D-BA26-B8DE5586C830}.Release|Any CPU.Build.0 = Release|Any CPU
		{EAB51FB9-A1D6-4C9D-BA26-B8DE5586C830}.Release|x64.ActiveCfg = Release|Any CPU
		{EAB51FB9-A1D6-4C9D-BA26-B8DE5586C830}.Release|x64.Build.0 = Release|Any CPU
		{EAB51FB9-A1D6-4C9D-BA26-B8DE5586C830}.Release|x86.ActiveCfg = Release|Any CPU
		{EAB51FB9-A1D6-4C9D-BA26-B8DE5586C830}.Release|x86.Build.0 = Release|Any CPU
		{04E54BD1-B9E3-492E-82BE-5F8D204D061B}.Debug|Any CPU.ActiveCfg = Debug|Any CPU
		{04E54BD1-B9E3-492E-82BE-5F8D204D061B}.Debug|Any CPU.Build.0 = Debug|Any CPU
		{04E54BD1-B9E3-492E-82BE-5F8D204D061B}.Debug|x64.ActiveCfg = Debug|Any CPU
		{04E54BD1-B9E3-492E-82BE-5F8D204D061B}.Debug|x64.Build.0 = Debug|Any CPU
		{04E54BD1-B9E3-492E-82BE-5F8D204D061B}.Debug|x86.ActiveCfg = Debug|Any CPU
		{04E54BD1-B9E3-492E-82BE-5F8D204D061B}.Debug|x86.Build.0 = Debug|Any CPU
		{04E54BD1-B9E3-492E-82BE-5F8D204D061B}.Release|Any CPU.ActiveCfg = Release|Any CPU
		{04E54BD1-B9E3-492E-82BE-5F8D204D061B}.Release|Any CPU.Build.0 = Release|Any CPU
		{04E54BD1-B9E3-492E-82BE-5F8D204D061B}.Release|x64.ActiveCfg = Release|Any CPU
		{04E54BD1-B9E3-492E-82BE-5F8D204D061B}.Release|x64.Build.0 = Release|Any CPU
		{04E54BD1-B9E3-492E-82BE-5F8D204D061B}.Release|x86.ActiveCfg = Release|Any CPU
		{04E54BD1-B9E3-492E-82BE-5F8D204D061B}.Release|x86.Build.0 = Release|Any CPU
	EndGlobalSection
EndGlobal
